// !$*UTF8*$!
{
	archiveVersion = 1;
	classes = {
	};
	objectVersion = 46;
	objects = {

/* Begin PBXBuildFile section */
		9F45D9E51B4D1116002CF3EF /* AppDelegate.m in Sources */ = {isa = PBXBuildFile; fileRef = 9F45D9E41B4D1116002CF3EF /* AppDelegate.m */; };
		9F45D9E71B4D1116002CF3EF /* main.m in Sources */ = {isa = PBXBuildFile; fileRef = 9F45D9E61B4D1116002CF3EF /* main.m */; };
		9F45D9EA1B4D1116002CF3EF /* Document.m in Sources */ = {isa = PBXBuildFile; fileRef = 9F45D9E91B4D1116002CF3EF /* Document.m */; };
		9F45D9ED1B4D1116002CF3EF /* Document.xib in Resources */ = {isa = PBXBuildFile; fileRef = 9F45D9EB1B4D1116002CF3EF /* Document.xib */; };
		9F45D9EF1B4D1116002CF3EF /* Images.xcassets in Resources */ = {isa = PBXBuildFile; fileRef = 9F45D9EE1B4D1116002CF3EF /* Images.xcassets */; };
		9F45D9F21B4D1116002CF3EF /* MainMenu.xib in Resources */ = {isa = PBXBuildFile; fileRef = 9F45D9F01B4D1116002CF3EF /* MainMenu.xib */; };
		9F45D9FE1B4D1116002CF3EF /* TahDoodleTests.m in Sources */ = {isa = PBXBuildFile; fileRef = 9F45D9FD1B4D1116002CF3EF /* TahDoodleTests.m */; };
/* End PBXBuildFile section */

/* Begin PBXContainerItemProxy section */
		9F45D9F81B4D1116002CF3EF /* PBXContainerItemProxy */ = {
			isa = PBXContainerItemProxy;
			containerPortal = 9F45D9D61B4D1116002CF3EF /* Project object */;
			proxyType = 1;
			remoteGlobalIDString = 9F45D9DD1B4D1116002CF3EF;
			remoteInfo = TahDoodle;
		};
/* End PBXContainerItemProxy section */

/* Begin PBXFileReference section */
		9F45D9DE1B4D1116002CF3EF /* TahDoodle.app */ = {isa = PBXFileReference; explicitFileType = wrapper.application; includeInIndex = 0; path = TahDoodle.app; sourceTree = BUILT_PRODUCTS_DIR; };
		9F45D9E21B4D1116002CF3EF /* Info.plist */ = {isa = PBXFileReference; lastKnownFileType = text.plist.xml; path = Info.plist; sourceTree = "<group>"; };
		9F45D9E31B4D1116002CF3EF /* AppDelegate.h */ = {isa = PBXFileReference; lastKnownFileType = sourcecode.c.h; path = AppDelegate.h; sourceTree = "<group>"; };
		9F45D9E41B4D1116002CF3EF /* AppDelegate.m */ = {isa = PBXFileReference; lastKnownFileType = sourcecode.c.objc; path = AppDelegate.m; sourceTree = "<group>"; };
		9F45D9E61B4D1116002CF3EF /* main.m */ = {isa = PBXFileReference; lastKnownFileType = sourcecode.c.objc; path = main.m; sourceTree = "<group>"; };
		9F45D9E81B4D1116002CF3EF /* Document.h */ = {isa = PBXFileReference; lastKnownFileType = sourcecode.c.h; path = Document.h; sourceTree = "<group>"; };
		9F45D9E91B4D1116002CF3EF /* Document.m */ = {isa = PBXFileReference; lastKnownFileType = sourcecode.c.objc; path = Document.m; sourceTree = "<group>"; };
		9F45D9EC1B4D1116002CF3EF /* Base */ = {isa = PBXFileReference; lastKnownFileType = file.xib; name = Base; path = Base.lproj/Document.xib; sourceTree = "<group>"; };
		9F45D9EE1B4D1116002CF3EF /* Images.xcassets */ = {isa = PBXFileReference; lastKnownFileType = folder.assetcatalog; path = Images.xcassets; sourceTree = "<group>"; };
		9F45D9F11B4D1116002CF3EF /* Base */ = {isa = PBXFileReference; lastKnownFileType = file.xib; name = Base; path = Base.lproj/MainMenu.xib; sourceTree = "<group>"; };
		9F45D9F71B4D1116002CF3EF /* TahDoodleTests.xctest */ = {isa = PBXFileReference; explicitFileType = wrapper.cfbundle; includeInIndex = 0; path = TahDoodleTests.xctest; sourceTree = BUILT_PRODUCTS_DIR; };
		9F45D9FC1B4D1116002CF3EF /* Info.plist */ = {isa = PBXFileReference; lastKnownFileType = text.plist.xml; path = Info.plist; sourceTree = "<group>"; };
		9F45D9FD1B4D1116002CF3EF /* TahDoodleTests.m */ = {isa = PBXFileReference; lastKnownFileType = sourcecode.c.objc; path = TahDoodleTests.m; sourceTree = "<group>"; };
/* End PBXFileReference section */

/* Begin PBXFrameworksBuildPhase section */
		9F45D9DB1B4D1116002CF3EF /* Frameworks */ = {
			isa = PBXFrameworksBuildPhase;
			buildActionMask = 2147483647;
			files = (
			);
			runOnlyForDeploymentPostprocessing = 0;
		};
		9F45D9F41B4D1116002CF3EF /* Frameworks */ = {
			isa = PBXFrameworksBuildPhase;
			buildActionMask = 2147483647;
			files = (
			);
			runOnlyForDeploymentPostprocessing = 0;
		};
/* End PBXFrameworksBuildPhase section */

/* Begin PBXGroup section */
		9F45D9D51B4D1116002CF3EF = {
			isa = PBXGroup;
			children = (
				9F45D9E01B4D1116002CF3EF /* TahDoodle */,
				9F45D9FA1B4D1116002CF3EF /* TahDoodleTests */,
				9F45D9DF1B4D1116002CF3EF /* Products */,
			);
			sourceTree = "<group>";
		};
		9F45D9DF1B4D1116002CF3EF /* Products */ = {
			isa = PBXGroup;
			children = (
				9F45D9DE1B4D1116002CF3EF /* TahDoodle.app */,
				9F45D9F71B4D1116002CF3EF /* TahDoodleTests.xctest */,
			);
			name = Products;
			sourceTree = "<group>";
		};
		9F45D9E01B4D1116002CF3EF /* TahDoodle */ = {
			isa = PBXGroup;
			children = (
				9F45D9E31B4D1116002CF3EF /* AppDelegate.h */,
				9F45D9E41B4D1116002CF3EF /* AppDelegate.m */,
				9F45D9E81B4D1116002CF3EF /* Document.h */,
				9F45D9E91B4D1116002CF3EF /* Document.m */,
				9F45D9EB1B4D1116002CF3EF /* Document.xib */,
				9F45D9EE1B4D1116002CF3EF /* Images.xcassets */,
				9F45D9F01B4D1116002CF3EF /* MainMenu.xib */,
				9F45D9E11B4D1116002CF3EF /* Supporting Files */,
			);
			path = TahDoodle;
			sourceTree = "<group>";
		};
		9F45D9E11B4D1116002CF3EF /* Supporting Files */ = {
			isa = PBXGroup;
			children = (
				9F45D9E21B4D1116002CF3EF /* Info.plist */,
				9F45D9E61B4D1116002CF3EF /* main.m */,
			);
			name = "Supporting Files";
			sourceTree = "<group>";
		};
		9F45D9FA1B4D1116002CF3EF /* TahDoodleTests */ = {
			isa = PBXGroup;
			children = (
				9F45D9FD1B4D1116002CF3EF /* TahDoodleTests.m */,
				9F45D9FB1B4D1116002CF3EF /* Supporting Files */,
			);
			path = TahDoodleTests;
			sourceTree = "<group>";
		};
		9F45D9FB1B4D1116002CF3EF /* Supporting Files */ = {
			isa = PBXGroup;
			children = (
				9F45D9FC1B4D1116002CF3EF /* Info.plist */,
			);
			name = "Supporting Files";
			sourceTree = "<group>";
		};
/* End PBXGroup section */

/* Begin PBXNativeTarget section */
		9F45D9DD1B4D1116002CF3EF /* TahDoodle */ = {
			isa = PBXNativeTarget;
			buildConfigurationList = 9F45DA011B4D1116002CF3EF /* Build configuration list for PBXNativeTarget "TahDoodle" */;
			buildPhases = (
				9F45D9DA1B4D1116002CF3EF /* Sources */,
				9F45D9DB1B4D1116002CF3EF /* Frameworks */,
				9F45D9DC1B4D1116002CF3EF /* Resources */,
			);
			buildRules = (
			);
			dependencies = (
			);
			name = TahDoodle;
			productName = TahDoodle;
			productReference = 9F45D9DE1B4D1116002CF3EF /* TahDoodle.app */;
			productType = "com.apple.product-type.application";
		};
		9F45D9F61B4D1116002CF3EF /* TahDoodleTests */ = {
			isa = PBXNativeTarget;
			buildConfigurationList = 9F45DA041B4D1116002CF3EF /* Build configuration list for PBXNativeTarget "TahDoodleTests" */;
			buildPhases = (
				9F45D9F31B4D1116002CF3EF /* Sources */,
				9F45D9F41B4D1116002CF3EF /* Frameworks */,
				9F45D9F51B4D1116002CF3EF /* Resources */,
			);
			buildRules = (
			);
			dependencies = (
				9F45D9F91B4D1116002CF3EF /* PBXTargetDependency */,
			);
			name = TahDoodleTests;
			productName = TahDoodleTests;
			productReference = 9F45D9F71B4D1116002CF3EF /* TahDoodleTests.xctest */;
			productType = "com.apple.product-type.bundle.unit-test";
		};
/* End PBXNativeTarget section */

/* Begin PBXProject section */
		9F45D9D61B4D1116002CF3EF /* Project object */ = {
			isa = PBXProject;
			attributes = {
				LastUpgradeCheck = 0630;
				ORGANIZATIONNAME = caixiaoxiao;
				TargetAttributes = {
					9F45D9DD1B4D1116002CF3EF = {
						CreatedOnToolsVersion = 6.3.1;
					};
					9F45D9F61B4D1116002CF3EF = {
						CreatedOnToolsVersion = 6.3.1;
						TestTargetID = 9F45D9DD1B4D1116002CF3EF;
					};
				};
			};
			buildConfigurationList = 9F45D9D91B4D1116002CF3EF /* Build configuration list for PBXProject "TahDoodle" */;
			compatibilityVersion = "Xcode 3.2";
			developmentRegion = English;
			hasScannedForEncodings = 0;
			knownRegions = (
				en,
				Base,
			);
			mainGroup = 9F45D9D51B4D1116002CF3EF;
			productRefGroup = 9F45D9DF1B4D1116002CF3EF /* Products */;
			projectDirPath = "";
			projectRoot = "";
			targets = (
				9F45D9DD1B4D1116002CF3EF /* TahDoodle */,
				9F45D9F61B4D1116002CF3EF /* TahDoodleTests */,
			);
		};
/* End PBXProject section */

/* Begin PBXResourcesBuildPhase section */
		9F45D9DC1B4D1116002CF3EF /* Resources */ = {
			isa = PBXResourcesBuildPhase;
			buildActionMask = 2147483647;
			files = (
				9F45D9ED1B4D1116002CF3EF /* Document.xib in Resources */,
				9F45D9EF1B4D1116002CF3EF /* Images.xcassets in Resources */,
				9F45D9F21B4D1116002CF3EF /* MainMenu.xib in Resources */,
			);
			runOnlyForDeploymentPostprocessing = 0;
		};
		9F45D9F51B4D1116002CF3EF /* Resources */ = {
			isa = PBXResourcesBuildPhase;
			buildActionMask = 2147483647;
			files = (
			);
			runOnlyForDeploymentPostprocessing = 0;
		};
/* End PBXResourcesBuildPhase section */

/* Begin PBXSourcesBuildPhase section */
		9F45D9DA1B4D1116002CF3EF /* Sources */ = {
			isa = PBXSourcesBuildPhase;
			buildActionMask = 2147483647;
			files = (
				9F45D9EA1B4D1116002CF3EF /* Document.m in Sources */,
				9F45D9E71B4D1116002CF3EF /* main.m in Sources */,
				9F45D9E51B4D1116002CF3EF /* AppDelegate.m in Sources */,
			);
			runOnlyForDeploymentPostprocessing = 0;
		};
		9F45D9F31B4D1116002CF3EF /* Sources */ = {
			isa = PBXSourcesBuildPhase;
			buildActionMask = 2147483647;
			files = (
				9F45D9FE1B4D1116002CF3EF /* TahDoodleTests.m in Sources */,
			);
			runOnlyForDeploymentPostprocessing = 0;
		};
/* End PBXSourcesBuildPhase section */

/* Begin PBXTargetDependency section */
		9F45D9F91B4D1116002CF3EF /* PBXTargetDependency */ = {
			isa = PBXTargetDependency;
			target = 9F45D9DD1B4D1116002CF3EF /* TahDoodle */;
			targetProxy = 9F45D9F81B4D1116002CF3EF /* PBXContainerItemProxy */;
		};
/* End PBXTargetDependency section */

/* Begin PBXVariantGroup section */
		9F45D9EB1B4D1116002CF3EF /* Document.xib */ = {
			isa = PBXVariantGroup;
			children = (
				9F45D9EC1B4D1116002CF3EF /* Base */,
			);
			name = Document.xib;
			sourceTree = "<group>";
		};
		9F45D9F01B4D1116002CF3EF /* MainMenu.xib */ = {
			isa = PBXVariantGroup;
			children = (
				9F45D9F11B4D1116002CF3EF /* Base */,
			);
			name = MainMenu.xib;
			sourceTree = "<group>";
		};
/* End PBXVariantGroup section */

/* Begin XCBuildConfiguration section */
		9F45D9FF1B4D1116002CF3EF /* Debug */ = {
			isa = XCBuildConfiguration;
			buildSettings = {
				ALWAYS_SEARCH_USER_PATHS = NO;
				CLANG_CXX_LANGUAGE_STANDARD = "gnu++0x";
				CLANG_CXX_LIBRARY = "libc++";
				CLANG_ENABLE_MODULES = YES;
				CLANG_ENABLE_OBJC_ARC = YES;
				CLANG_WARN_BOOL_CONVERSION = YES;
				CLANG_WARN_CONSTANT_CONVERSION = YES;
				CLANG_WARN_DIRECT_OBJC_ISA_USAGE = YES_ERROR;
				CLANG_WARN_EMPTY_BODY = YES;
				CLANG_WARN_ENUM_CONVERSION = YES;
				CLANG_WARN_INT_CONVERSION = YES;
				CLANG_WARN_OBJC_ROOT_CLASS = YES_ERROR;
				CLANG_WARN_UNREACHABLE_CODE = YES;
				CLANG_WARN__DUPLICATE_METHOD_MATCH = YES;
				CODE_SIGN_IDENTITY = "-";
				COPY_PHASE_STRIP = NO;
				DEBUG_INFORMATION_FORMAT = dwarf;
				ENABLE_STRICT_OBJC_MSGSEND = YES;
				GCC_C_LANGUAGE_STANDARD = gnu99;
				GCC_DYNAMIC_NO_PIC = NO;
				GCC_NO_COMMON_BLOCKS = YES;
				GCC_OPTIMIZATION_LEVEL = 0;
				GCC_PREPROCESSOR_DEFINITIONS = (
					"DEBUG=1",
					"$(inherited)",
				);
				GCC_SYMBOLS_PRIVATE_EXTERN = NO;
				GCC_WARN_64_TO_32_BIT_CONVERSION = YES;
				GCC_WARN_ABOUT_RETURN_TYPE = YES_ERROR;
				GCC_WARN_UNDECLARED_SELECTOR = YES;
				GCC_WARN_UNINITIALIZED_AUTOS = YES_AGGRESSIVE;
				GCC_WARN_UNUSED_FUNCTION = YES;
				GCC_WARN_UNUSED_VARIABLE = YES;
				MACOSX_DEPLOYMENT_TARGET = 10.10;
				MTL_ENABLE_DEBUG_INFO = YES;
				ONLY_ACTIVE_ARCH = YES;
				SDKROOT = macosx;
			};
			name = Debug;
		};
		9F45DA001B4D1116002CF3EF /* Release */ = {
			isa = XCBuildConfiguration;
			buildSettings = {
				ALWAYS_SEARCH_USER_PATHS = NO;
				CLANG_CXX_LANGUAGE_STANDARD = "gnu++0x";
				CLANG_CXX_LIBRARY = "libc++";
				CLANG_ENABLE_MODULES = YES;
				CLANG_ENABLE_OBJC_ARC = YES;
				CLANG_WARN_BOOL_CONVERSION = YES;
				CLANG_WARN_CONSTANT_CONVERSION = YES;
				CLANG_WARN_DIRECT_OBJC_ISA_USAGE = YES_ERROR;
				CLANG_WARN_EMPTY_BODY = YES;
				CLANG_WARN_ENUM_CONVERSION = YES;
				CLANG_WARN_INT_CONVERSION = YES;
				CLANG_WARN_OBJC_ROOT_CLASS = YES_ERROR;
				CLANG_WARN_UNREACHABLE_CODE = YES;
				CLANG_WARN__DUPLICATE_METHOD_MATCH = YES;
				CODE_SIGN_IDENTITY = "-";
				COPY_PHASE_STRIP = NO;
				DEBUG_INFORMATION_FORMAT = "dwarf-with-dsym";
				ENABLE_NS_ASSERTIONS = NO;
				ENABLE_STRICT_OBJC_MSGSEND = YES;
				GCC_C_LANGUAGE_STANDARD = gnu99;
				GCC_NO_COMMON_BLOCKS = YES;
				GCC_WARN_64_TO_32_BIT_CONVERSION = YES;
				GCC_WARN_ABOUT_RETURN_TYPE = YES_ERROR;
				GCC_WARN_UNDECLARED_SELECTOR = YES;
				GCC_WARN_UNINITIALIZED_AUTOS = YES_AGGRESSIVE;
				GCC_WARN_UNUSED_FUNCTION = YES;
				GCC_WARN_UNUSED_VARIABLE = YES;
				MACOSX_DEPLOYMENT_TARGET = 10.10;
				MTL_ENABLE_DEBUG_INFO = NO;
				SDKROOT = macosx;
			};
			name = Release;
		};
		9F45DA021B4D1116002CF3EF /* Debug */ = {
			isa = XCBuildConfiguration;
			buildSettings = {
				ASSETCATALOG_COMPILER_APPICON_NAME = AppIcon;
				COMBINE_HIDPI_IMAGES = YES;
				INFOPLIST_FILE = TahDoodle/Info.plist;
				LD_RUNPATH_SEARCH_PATHS = "$(inherited) @executable_path/../Frameworks";
				PRODUCT_NAME = "$(TARGET_NAME)";
			};
			name = Debug;
		};
		9F45DA031B4D1116002CF3EF /* Release */ = {
			isa = XCBuildConfiguration;
			buildSettings = {
				ASSETCATALOG_COMPILER_APPICON_NAME = AppIcon;
				COMBINE_HIDPI_IMAGES = YES;
				INFOPLIST_FILE = TahDoodle/Info.plist;
				LD_RUNPATH_SEARCH_PATHS = "$(inherited) @executable_path/../Frameworks";
				PRODUCT_NAME = "$(TARGET_NAME)";
			};
			name = Release;
		};
		9F45DA051B4D1116002CF3EF /* Debug */ = {
			isa = XCBuildConfiguration;
			buildSettings = {
				BUNDLE_LOADER = "$(TEST_HOST)";
				COMBINE_HIDPI_IMAGES = YES;
				FRAMEWORK_SEARCH_PATHS = (
					"$(DEVELOPER_FRAMEWORKS_DIR)",
					"$(inherited)",
				);
				GCC_PREPROCESSOR_DEFINITIONS = (
					"DEBUG=1",
					"$(inherited)",
				);
				INFOPLIST_FILE = TahDoodleTests/Info.plist;
				LD_RUNPATH_SEARCH_PATHS = "$(inherited) @executable_path/../Frameworks @loader_path/../Frameworks";
				PRODUCT_NAME = "$(TARGET_NAME)";
				TEST_HOST = "$(BUILT_PRODUCTS_DIR)/TahDoodle.app/Contents/MacOS/TahDoodle";
			};
			name = Debug;
		};
		9F45DA061B4D1116002CF3EF /* Release */ = {
			isa = XCBuildConfiguration;
			buildSettings = {
				BUNDLE_LOADER = "$(TEST_HOST)";
				COMBINE_HIDPI_IMAGES = YES;
				FRAMEWORK_SEARCH_PATHS = (
					"$(DEVELOPER_FRAMEWORKS_DIR)",
					"$(inherited)",
				);
				INFOPLIST_FILE = TahDoodleTests/Info.plist;
				LD_RUNPATH_SEARCH_PATHS = "$(inherited) @executable_path/../Frameworks @loader_path/../Frameworks";
				PRODUCT_NAME = "$(TARGET_NAME)";
				TEST_HOST = "$(BUILT_PRODUCTS_DIR)/TahDoodle.app/Contents/MacOS/TahDoodle";
			};
			name = Release;
		};
/* End XCBuildConfiguration section */

/* Begin XCConfigurationList section */
		9F45D9D91B4D1116002CF3EF /* Build configuration list for PBXProject "TahDoodle" */ = {
			isa = XCConfigurationList;
			buildConfigurations = (
				9F45D9FF1B4D1116002CF3EF /* Debug */,
				9F45DA001B4D1116002CF3EF /* Release */,
			);
			defaultConfigurationIsVisible = 0;
			defaultConfigurationName = Release;
		};
		9F45DA011B4D1116002CF3EF /* Build configuration list for PBXNativeTarget "TahDoodle" */ = {
			isa = XCConfigurationList;
			buildConfigurations = (
				9F45DA021B4D1116002CF3EF /* Debug */,
				9F45DA031B4D1116002CF3EF /* Release */,
			);
			defaultConfigurationIsVisible = 0;
		};
		9F45DA041B4D1116002CF3EF /* Build configuration list for PBXNativeTarget "TahDoodleTests" */ = {
			isa = XCConfigurationList;
			buildConfigurations = (
				9F45DA051B4D1116002CF3EF /* Debug */,
				9F45DA061B4D1116002CF3EF /* Release */,
			);
			defaultConfigurationIsVisible = 0;
		};
/* End XCConfigurationList section */
	};
	rootObject = 9F45D9D61B4D1116002CF3EF /* Project object */;
}
